
Microsoft Visual Studio Solution File, Format Version 12.00
# Visual Studio Version 17
VisualStudioVersion = 17.1.32210.238
MinimumVisualStudioVersion = 10.0.40219.1
Project("{FAE04EC0-301F-11D3-BF4B-00C04F79EFBC}") = "WpfApp7", "WpfApp7\WpfApp7.csproj", "{C5ECE4B1-AEFB-46D6-919B-CA2107551882}"
EndProject
Global
	GlobalSection(SolutionConfigurationPlatforms) = preSolution
		Debug|Any CPU = Debug|Any CPU
		Release|Any CPU = Release|Any CPU
	EndGlobalSection
	GlobalSection(ProjectConfigurationPlatforms) = postSolution
		{C5ECE4B1-AEFB-46D6-919B-CA2107551882}.Debug|Any CPU.ActiveCfg = Debug|Any CPU
		{C5ECE4B1-AEFB-46D6-919B-CA2107551882}.Debug|Any CPU.Build.0 = Debug|Any CPU
		{C5ECE4B1-AEFB-46D6-919B-CA2107551882}.Release|Any CPU.ActiveCfg = Release|Any CPU
		{C5ECE4B1-AEFB-46D6-919B-CA2107551882}.Release|Any CPU.Build.0 = Release|Any CPU
	EndGlobalSection
	GlobalSection(SolutionProperties) = preSolution
		HideSolutionNode = FALSE
	EndGlobalSection
	GlobalSection(ExtensibilityGlobals) = postSolution
		SolutionGuid = {4BA33F65-B62D-4F69-82D2-C8AF3F803C1E}
	EndGlobalSection
EndGlobal
